// !$*UTF8*$!
{
	archiveVersion = 1;
	classes = {
	};
	objectVersion = 46;
	objects = {

/* Begin PBXBuildFile section */
		5AC7C1F71B0DED1E00B34945 /* main.m in Sources */ = {isa = PBXBuildFile; fileRef = 5AC7C1F61B0DED1E00B34945 /* main.m */; };
		5AC7C1FA1B0DED1E00B34945 /* AppDelegate.m in Sources */ = {isa = PBXBuildFile; fileRef = 5AC7C1F91B0DED1E00B34945 /* AppDelegate.m */; };
		5AC7C1FD1B0DED1E00B34945 /* RefferalslOnline.xcdatamodeld in Sources */ = {isa = PBXBuildFile; fileRef = 5AC7C1FB1B0DED1E00B34945 /* RefferalslOnline.xcdatamodeld */; };
		5AC7C2001B0DED1E00B34945 /* ViewController.m in Sources */ = {isa = PBXBuildFile; fileRef = 5AC7C1FF1B0DED1E00B34945 /* ViewController.m */; };
		5AC7C2031B0DED1E00B34945 /* Main.storyboard in Resources */ = {isa = PBXBuildFile; fileRef = 5AC7C2011B0DED1E00B34945 /* Main.storyboard */; };
		5AC7C2051B0DED1E00B34945 /* Images.xcassets in Resources */ = {isa = PBXBuildFile; fileRef = 5AC7C2041B0DED1E00B34945 /* Images.xcassets */; };
		5AC7C2081B0DED1E00B34945 /* LaunchScreen.xib in Resources */ = {isa = PBXBuildFile; fileRef = 5AC7C2061B0DED1E00B34945 /* LaunchScreen.xib */; };
		5AC7C2141B0DED1E00B34945 /* RefferalslOnlineTests.m in Sources */ = {isa = PBXBuildFile; fileRef = 5AC7C2131B0DED1E00B34945 /* RefferalslOnlineTests.m */; };
		5AC7C21F1B0DF3F100B34945 /* LoginViewController.m in Sources */ = {isa = PBXBuildFile; fileRef = 5AC7C21E1B0DF3F100B34945 /* LoginViewController.m */; };
		5AC7C2221B0E12A400B34945 /* SignupViewController.m in Sources */ = {isa = PBXBuildFile; fileRef = 5AC7C2211B0E12A400B34945 /* SignupViewController.m */; };
		5AC7C2261B0F01B600B34945 /* header.xib in Resources */ = {isa = PBXBuildFile; fileRef = 5AC7C2251B0F01B600B34945 /* header.xib */; };
		5AC7C2291B0F0BEC00B34945 /* header.m in Sources */ = {isa = PBXBuildFile; fileRef = 5AC7C2281B0F0BEC00B34945 /* header.m */; };
		5AC7C22C1B0F0C4100B34945 /* DashBoardViewController.m in Sources */ = {isa = PBXBuildFile; fileRef = 5AC7C22B1B0F0C4100B34945 /* DashBoardViewController.m */; };
		BED62DA01B411F3500CD051D /* ROGlobalClass.m in Sources */ = {isa = PBXBuildFile; fileRef = BED62D9F1B411F3500CD051D /* ROGlobalClass.m */; };
/* End PBXBuildFile section */

/* Begin PBXContainerItemProxy section */
		5AC7C20E1B0DED1E00B34945 /* PBXContainerItemProxy */ = {
			isa = PBXContainerItemProxy;
			containerPortal = 5AC7C1E91B0DED1E00B34945 /* Project object */;
			proxyType = 1;
			remoteGlobalIDString = 5AC7C1F01B0DED1E00B34945;
			remoteInfo = RefferalslOnline;
		};
/* End PBXContainerItemProxy section */

/* Begin PBXFileReference section */
		5AC7C1F11B0DED1E00B34945 /* RefferalslOnline.app */ = {isa = PBXFileReference; explicitFileType = wrapper.application; includeInIndex = 0; path = RefferalslOnline.app; sourceTree = BUILT_PRODUCTS_DIR; };
		5AC7C1F51B0DED1E00B34945 /* Info.plist */ = {isa = PBXFileReference; lastKnownFileType = text.plist.xml; path = Info.plist; sourceTree = "<group>"; };
		5AC7C1F61B0DED1E00B34945 /* main.m */ = {isa = PBXFileReference; lastKnownFileType = sourcecode.c.objc; path = main.m; sourceTree = "<group>"; };
		5AC7C1F81B0DED1E00B34945 /* AppDelegate.h */ = {isa = PBXFileReference; lastKnownFileType = sourcecode.c.h; path = AppDelegate.h; sourceTree = "<group>"; };
		5AC7C1F91B0DED1E00B34945 /* AppDelegate.m */ = {isa = PBXFileReference; lastKnownFileType = sourcecode.c.objc; path = AppDelegate.m; sourceTree = "<group>"; };
		5AC7C1FC1B0DED1E00B34945 /* RefferalslOnline.xcdatamodel */ = {isa = PBXFileReference; lastKnownFileType = wrapper.xcdatamodel; path = RefferalslOnline.xcdatamodel; sourceTree = "<group>"; };
		5AC7C1FE1B0DED1E00B34945 /* ViewController.h */ = {isa = PBXFileReference; lastKnownFileType = sourcecode.c.h; path = ViewController.h; sourceTree = "<group>"; };
		5AC7C1FF1B0DED1E00B34945 /* ViewController.m */ = {isa = PBXFileReference; lastKnownFileType = sourcecode.c.objc; path = ViewController.m; sourceTree = "<group>"; };
		5AC7C2021B0DED1E00B34945 /* Base */ = {isa = PBXFileReference; lastKnownFileType = file.storyboard; name = Base; path = Base.lproj/Main.storyboard; sourceTree = "<group>"; };
		5AC7C2041B0DED1E00B34945 /* Images.xcassets */ = {isa = PBXFileReference; lastKnownFileType = folder.assetcatalog; path = Images.xcassets; sourceTree = "<group>"; };
		5AC7C2071B0DED1E00B34945 /* Base */ = {isa = PBXFileReference; lastKnownFileType = file.xib; name = Base; path = Base.lproj/LaunchScreen.xib; sourceTree = "<group>"; };
		5AC7C20D1B0DED1E00B34945 /* RefferalslOnlineTests.xctest */ = {isa = PBXFileReference; explicitFileType = wrapper.cfbundle; includeInIndex = 0; path = RefferalslOnlineTests.xctest; sourceTree = BUILT_PRODUCTS_DIR; };
		5AC7C2121B0DED1E00B34945 /* Info.plist */ = {isa = PBXFileReference; lastKnownFileType = text.plist.xml; path = Info.plist; sourceTree = "<group>"; };
		5AC7C2131B0DED1E00B34945 /* RefferalslOnlineTests.m */ = {isa = PBXFileReference; lastKnownFileType = sourcecode.c.objc; path = RefferalslOnlineTests.m; sourceTree = "<group>"; };
		5AC7C21D1B0DF3F100B34945 /* LoginViewController.h */ = {isa = PBXFileReference; fileEncoding = 4; lastKnownFileType = sourcecode.c.h; path = LoginViewController.h; sourceTree = "<group>"; };
		5AC7C21E1B0DF3F100B34945 /* LoginViewController.m */ = {isa = PBXFileReference; fileEncoding = 4; lastKnownFileType = sourcecode.c.objc; path = LoginViewController.m; sourceTree = "<group>"; };
		5AC7C2201B0E12A400B34945 /* SignupViewController.h */ = {isa = PBXFileReference; fileEncoding = 4; lastKnownFileType = sourcecode.c.h; path = SignupViewController.h; sourceTree = "<group>"; };
		5AC7C2211B0E12A400B34945 /* SignupViewController.m */ = {isa = PBXFileReference; fileEncoding = 4; lastKnownFileType = sourcecode.c.objc; path = SignupViewController.m; sourceTree = "<group>"; };
		5AC7C2251B0F01B600B34945 /* header.xib */ = {isa = PBXFileReference; fileEncoding = 4; lastKnownFileType = file.xib; path = header.xib; sourceTree = "<group>"; };
		5AC7C2271B0F0BEC00B34945 /* header.h */ = {isa = PBXFileReference; fileEncoding = 4; lastKnownFileType = sourcecode.c.h; path = header.h; sourceTree = "<group>"; };
		5AC7C2281B0F0BEC00B34945 /* header.m */ = {isa = PBXFileReference; fileEncoding = 4; lastKnownFileType = sourcecode.c.objc; path = header.m; sourceTree = "<group>"; };
		5AC7C22A1B0F0C4100B34945 /* DashBoardViewController.h */ = {isa = PBXFileReference; fileEncoding = 4; lastKnownFileType = sourcecode.c.h; path = DashBoardViewController.h; sourceTree = "<group>"; };
		5AC7C22B1B0F0C4100B34945 /* DashBoardViewController.m */ = {isa = PBXFileReference; fileEncoding = 4; lastKnownFileType = sourcecode.c.objc; path = DashBoardViewController.m; sourceTree = "<group>"; };
		BED62D9E1B411F3500CD051D /* ROGlobalClass.h */ = {isa = PBXFileReference; fileEncoding = 4; lastKnownFileType = sourcecode.c.h; path = ROGlobalClass.h; sourceTree = "<group>"; };
		BED62D9F1B411F3500CD051D /* ROGlobalClass.m */ = {isa = PBXFileReference; fileEncoding = 4; lastKnownFileType = sourcecode.c.objc; path = ROGlobalClass.m; sourceTree = "<group>"; };
		BED62DA21B41260600CD051D /* ROProtocol.h */ = {isa = PBXFileReference; fileEncoding = 4; lastKnownFileType = sourcecode.c.h; path = ROProtocol.h; sourceTree = "<group>"; };
		BED62DA51B413AB100CD051D /* RefferalsOnline-Prefix.pch */ = {isa = PBXFileReference; fileEncoding = 4; lastKnownFileType = sourcecode.c.h; path = "RefferalsOnline-Prefix.pch"; sourceTree = "<group>"; };
/* End PBXFileReference section */

/* Begin PBXFrameworksBuildPhase section */
		5AC7C1EE1B0DED1E00B34945 /* Frameworks */ = {
			isa = PBXFrameworksBuildPhase;
			buildActionMask = 2147483647;
			files = (
			);
			runOnlyForDeploymentPostprocessing = 0;
		};
		5AC7C20A1B0DED1E00B34945 /* Frameworks */ = {
			isa = PBXFrameworksBuildPhase;
			buildActionMask = 2147483647;
			files = (
			);
			runOnlyForDeploymentPostprocessing = 0;
		};
/* End PBXFrameworksBuildPhase section */

/* Begin PBXGroup section */
		5AC7C1E81B0DED1E00B34945 = {
			isa = PBXGroup;
			children = (
				BED62DA11B4125B600CD051D /* Protocol */,
				5AC7C1F31B0DED1E00B34945 /* RefferalslOnline */,
				5AC7C2101B0DED1E00B34945 /* RefferalslOnlineTests */,
				5AC7C1F21B0DED1E00B34945 /* Products */,
			);
			sourceTree = "<group>";
		};
		5AC7C1F21B0DED1E00B34945 /* Products */ = {
			isa = PBXGroup;
			children = (
				5AC7C1F11B0DED1E00B34945 /* RefferalslOnline.app */,
				5AC7C20D1B0DED1E00B34945 /* RefferalslOnlineTests.xctest */,
			);
			name = Products;
			sourceTree = "<group>";
		};
		5AC7C1F31B0DED1E00B34945 /* RefferalslOnline */ = {
			isa = PBXGroup;
			children = (
				BED62D9D1B411E8900CD051D /* Global */,
				5AC7C2241B0F016200B34945 /* Classes */,
				5AC7C2231B0F013100B34945 /* Views */,
				5AC7C2011B0DED1E00B34945 /* Main.storyboard */,
				5AC7C2041B0DED1E00B34945 /* Images.xcassets */,
				5AC7C2061B0DED1E00B34945 /* LaunchScreen.xib */,
				5AC7C1FB1B0DED1E00B34945 /* RefferalslOnline.xcdatamodeld */,
				5AC7C1F41B0DED1E00B34945 /* Supporting Files */,
			);
			path = RefferalslOnline;
			sourceTree = "<group>";
		};
		5AC7C1F41B0DED1E00B34945 /* Supporting Files */ = {
			isa = PBXGroup;
			children = (
				5AC7C1F51B0DED1E00B34945 /* Info.plist */,
				5AC7C1F61B0DED1E00B34945 /* main.m */,
				BED62DA51B413AB100CD051D /* RefferalsOnline-Prefix.pch */,
			);
			name = "Supporting Files";
			sourceTree = "<group>";
		};
		5AC7C2101B0DED1E00B34945 /* RefferalslOnlineTests */ = {
			isa = PBXGroup;
			children = (
				5AC7C2131B0DED1E00B34945 /* RefferalslOnlineTests.m */,
				5AC7C2111B0DED1E00B34945 /* Supporting Files */,
			);
			path = RefferalslOnlineTests;
			sourceTree = "<group>";
		};
		5AC7C2111B0DED1E00B34945 /* Supporting Files */ = {
			isa = PBXGroup;
			children = (
				5AC7C2121B0DED1E00B34945 /* Info.plist */,
			);
			name = "Supporting Files";
			sourceTree = "<group>";
		};
		5AC7C2231B0F013100B34945 /* Views */ = {
			isa = PBXGroup;
			children = (
				5AC7C2251B0F01B600B34945 /* header.xib */,
				5AC7C2271B0F0BEC00B34945 /* header.h */,
				5AC7C2281B0F0BEC00B34945 /* header.m */,
			);
			name = Views;
			sourceTree = "<group>";
		};
		5AC7C2241B0F016200B34945 /* Classes */ = {
			isa = PBXGroup;
			children = (
				5AC7C1F81B0DED1E00B34945 /* AppDelegate.h */,
				5AC7C1F91B0DED1E00B34945 /* AppDelegate.m */,
				5AC7C1FE1B0DED1E00B34945 /* ViewController.h */,
				5AC7C1FF1B0DED1E00B34945 /* ViewController.m */,
				5AC7C21D1B0DF3F100B34945 /* LoginViewController.h */,
				5AC7C21E1B0DF3F100B34945 /* LoginViewController.m */,
				5AC7C2201B0E12A400B34945 /* SignupViewController.h */,
				5AC7C2211B0E12A400B34945 /* SignupViewController.m */,
				5AC7C22A1B0F0C4100B34945 /* DashBoardViewController.h */,
				5AC7C22B1B0F0C4100B34945 /* DashBoardViewController.m */,
			);
			name = Classes;
			sourceTree = "<group>";
		};
		BED62D9D1B411E8900CD051D /* Global */ = {
			isa = PBXGroup;
			children = (
				BED62D9E1B411F3500CD051D /* ROGlobalClass.h */,
				BED62D9F1B411F3500CD051D /* ROGlobalClass.m */,
			);
			name = Global;
			sourceTree = "<group>";
		};
		BED62DA11B4125B600CD051D /* Protocol */ = {
			isa = PBXGroup;
			children = (
				BED62DA21B41260600CD051D /* ROProtocol.h */,
			);
			name = Protocol;
			sourceTree = "<group>";
		};
/* End PBXGroup section */

/* Begin PBXNativeTarget section */
		5AC7C1F01B0DED1E00B34945 /* RefferalslOnline */ = {
			isa = PBXNativeTarget;
			buildConfigurationList = 5AC7C2171B0DED1E00B34945 /* Build configuration list for PBXNativeTarget "RefferalslOnline" */;
			buildPhases = (
				5AC7C1ED1B0DED1E00B34945 /* Sources */,
				5AC7C1EE1B0DED1E00B34945 /* Frameworks */,
				5AC7C1EF1B0DED1E00B34945 /* Resources */,
			);
			buildRules = (
			);
			dependencies = (
			);
			name = RefferalslOnline;
			productName = RefferalslOnline;
			productReference = 5AC7C1F11B0DED1E00B34945 /* RefferalslOnline.app */;
			productType = "com.apple.product-type.application";
		};
		5AC7C20C1B0DED1E00B34945 /* RefferalslOnlineTests */ = {
			isa = PBXNativeTarget;
			buildConfigurationList = 5AC7C21A1B0DED1E00B34945 /* Build configuration list for PBXNativeTarget "RefferalslOnlineTests" */;
			buildPhases = (
				5AC7C2091B0DED1E00B34945 /* Sources */,
				5AC7C20A1B0DED1E00B34945 /* Frameworks */,
				5AC7C20B1B0DED1E00B34945 /* Resources */,
			);
			buildRules = (
			);
			dependencies = (
				5AC7C20F1B0DED1E00B34945 /* PBXTargetDependency */,
			);
			name = RefferalslOnlineTests;
			productName = RefferalslOnlineTests;
			productReference = 5AC7C20D1B0DED1E00B34945 /* RefferalslOnlineTests.xctest */;
			productType = "com.apple.product-type.bundle.unit-test";
		};
/* End PBXNativeTarget section */

/* Begin PBXProject section */
		5AC7C1E91B0DED1E00B34945 /* Project object */ = {
			isa = PBXProject;
			attributes = {
				LastUpgradeCheck = 0630;
				ORGANIZATIONNAME = anirban;
				TargetAttributes = {
					5AC7C1F01B0DED1E00B34945 = {
						CreatedOnToolsVersion = 6.3;
					};
					5AC7C20C1B0DED1E00B34945 = {
						CreatedOnToolsVersion = 6.3;
						TestTargetID = 5AC7C1F01B0DED1E00B34945;
					};
				};
			};
			buildConfigurationList = 5AC7C1EC1B0DED1E00B34945 /* Build configuration list for PBXProject "RefferalslOnline" */;
			compatibilityVersion = "Xcode 3.2";
			developmentRegion = English;
			hasScannedForEncodings = 0;
			knownRegions = (
				en,
				Base,
			);
			mainGroup = 5AC7C1E81B0DED1E00B34945;
			productRefGroup = 5AC7C1F21B0DED1E00B34945 /* Products */;
			projectDirPath = "";
			projectRoot = "";
			targets = (
				5AC7C1F01B0DED1E00B34945 /* RefferalslOnline */,
				5AC7C20C1B0DED1E00B34945 /* RefferalslOnlineTests */,
			);
		};
/* End PBXProject section */

/* Begin PBXResourcesBuildPhase section */
		5AC7C1EF1B0DED1E00B34945 /* Resources */ = {
			isa = PBXResourcesBuildPhase;
			buildActionMask = 2147483647;
			files = (
				5AC7C2261B0F01B600B34945 /* header.xib in Resources */,
				5AC7C2031B0DED1E00B34945 /* Main.storyboard in Resources */,
				5AC7C2081B0DED1E00B34945 /* LaunchScreen.xib in Resources */,
				5AC7C2051B0DED1E00B34945 /* Images.xcassets in Resources */,
			);
			runOnlyForDeploymentPostprocessing = 0;
		};
		5AC7C20B1B0DED1E00B34945 /* Resources */ = {
			isa = PBXResourcesBuildPhase;
			buildActionMask = 2147483647;
			files = (
			);
			runOnlyForDeploymentPostprocessing = 0;
		};
/* End PBXResourcesBuildPhase section */

/* Begin PBXSourcesBuildPhase section */
		5AC7C1ED1B0DED1E00B34945 /* Sources */ = {
			isa = PBXSourcesBuildPhase;
			buildActionMask = 2147483647;
			files = (
				5AC7C2221B0E12A400B34945 /* SignupViewController.m in Sources */,
				5AC7C1FA1B0DED1E00B34945 /* AppDelegate.m in Sources */,
				5AC7C1F71B0DED1E00B34945 /* main.m in Sources */,
				5AC7C22C1B0F0C4100B34945 /* DashBoardViewController.m in Sources */,
				5AC7C2001B0DED1E00B34945 /* ViewController.m in Sources */,
				BED62DA01B411F3500CD051D /* ROGlobalClass.m in Sources */,
				5AC7C1FD1B0DED1E00B34945 /* RefferalslOnline.xcdatamodeld in Sources */,
				5AC7C2291B0F0BEC00B34945 /* header.m in Sources */,
				5AC7C21F1B0DF3F100B34945 /* LoginViewController.m in Sources */,
			);
			runOnlyForDeploymentPostprocessing = 0;
		};
		5AC7C2091B0DED1E00B34945 /* Sources */ = {
			isa = PBXSourcesBuildPhase;
			buildActionMask = 2147483647;
			files = (
				5AC7C2141B0DED1E00B34945 /* RefferalslOnlineTests.m in Sources */,
			);
			runOnlyForDeploymentPostprocessing = 0;
		};
/* End PBXSourcesBuildPhase section */

/* Begin PBXTargetDependency section */
		5AC7C20F1B0DED1E00B34945 /* PBXTargetDependency */ = {
			isa = PBXTargetDependency;
			target = 5AC7C1F01B0DED1E00B34945 /* RefferalslOnline */;
			targetProxy = 5AC7C20E1B0DED1E00B34945 /* PBXContainerItemProxy */;
		};
/* End PBXTargetDependency section */

/* Begin PBXVariantGroup section */
		5AC7C2011B0DED1E00B34945 /* Main.storyboard */ = {
			isa = PBXVariantGroup;
			children = (
				5AC7C2021B0DED1E00B34945 /* Base */,
			);
			name = Main.storyboard;
			sourceTree = "<group>";
		};
		5AC7C2061B0DED1E00B34945 /* LaunchScreen.xib */ = {
			isa = PBXVariantGroup;
			children = (
				5AC7C2071B0DED1E00B34945 /* Base */,
			);
			name = LaunchScreen.xib;
			sourceTree = "<group>";
		};
/* End PBXVariantGroup section */

/* Begin XCBuildConfiguration section */
		5AC7C2151B0DED1E00B34945 /* Debug */ = {
			isa = XCBuildConfiguration;
			buildSettings = {
				ALWAYS_SEARCH_USER_PATHS = NO;
				CLANG_CXX_LANGUAGE_STANDARD = "gnu++0x";
				CLANG_CXX_LIBRARY = "libc++";
				CLANG_ENABLE_MODULES = YES;
				CLANG_ENABLE_OBJC_ARC = YES;
				CLANG_WARN_BOOL_CONVERSION = YES;
				CLANG_WARN_CONSTANT_CONVERSION = YES;
				CLANG_WARN_DIRECT_OBJC_ISA_USAGE = YES_ERROR;
				CLANG_WARN_EMPTY_BODY = YES;
				CLANG_WARN_ENUM_CONVERSION = YES;
				CLANG_WARN_INT_CONVERSION = YES;
				CLANG_WARN_OBJC_ROOT_CLASS = YES_ERROR;
				CLANG_WARN_UNREACHABLE_CODE = YES;
				CLANG_WARN__DUPLICATE_METHOD_MATCH = YES;
				"CODE_SIGN_IDENTITY[sdk=iphoneos*]" = "iPhone Developer";
				COPY_PHASE_STRIP = NO;
				DEBUG_INFORMATION_FORMAT = "dwarf-with-dsym";
				ENABLE_STRICT_OBJC_MSGSEND = YES;
				GCC_C_LANGUAGE_STANDARD = gnu99;
				GCC_DYNAMIC_NO_PIC = NO;
				GCC_NO_COMMON_BLOCKS = YES;
				GCC_OPTIMIZATION_LEVEL = 0;
				GCC_PRECOMPILE_PREFIX_HEADER = YES;
				GCC_PREFIX_HEADER = "RefferalslOnline/RefferalsOnline-Prefix.pch";
				GCC_PREPROCESSOR_DEFINITIONS = (
					"DEBUG=1",
					"$(inherited)",
				);
				GCC_SYMBOLS_PRIVATE_EXTERN = NO;
				GCC_WARN_64_TO_32_BIT_CONVERSION = YES;
				GCC_WARN_ABOUT_RETURN_TYPE = YES_ERROR;
				GCC_WARN_UNDECLARED_SELECTOR = YES;
				GCC_WARN_UNINITIALIZED_AUTOS = YES_AGGRESSIVE;
				GCC_WARN_UNUSED_FUNCTION = YES;
				GCC_WARN_UNUSED_VARIABLE = YES;
				IPHONEOS_DEPLOYMENT_TARGET = 8.3;
				MTL_ENABLE_DEBUG_INFO = YES;
				ONLY_ACTIVE_ARCH = YES;
				SDKROOT = iphoneos;
			};
			name = Debug;
		};
		5AC7C2161B0DED1E00B34945 /* Release */ = {
			isa = XCBuildConfiguration;
			buildSettings = {
				ALWAYS_SEARCH_USER_PATHS = NO;
				CLANG_CXX_LANGUAGE_STANDARD = "gnu++0x";
				CLANG_CXX_LIBRARY = "libc++";
				CLANG_ENABLE_MODULES = YES;
				CLANG_ENABLE_OBJC_ARC = YES;
				CLANG_WARN_BOOL_CONVERSION = YES;
				CLANG_WARN_CONSTANT_CONVERSION = YES;
				CLANG_WARN_DIRECT_OBJC_ISA_USAGE = YES_ERROR;
				CLANG_WARN_EMPTY_BODY = YES;
				CLANG_WARN_ENUM_CONVERSION = YES;
				CLANG_WARN_INT_CONVERSION = YES;
				CLANG_WARN_OBJC_ROOT_CLASS = YES_ERROR;
				CLANG_WARN_UNREACHABLE_CODE = YES;
				CLANG_WARN__DUPLICATE_METHOD_MATCH = YES;
				"CODE_SIGN_IDENTITY[sdk=iphoneos*]" = "iPhone Developer";
				COPY_PHASE_STRIP = NO;
				DEBUG_INFORMATION_FORMAT = "dwarf-with-dsym";
				ENABLE_NS_ASSERTIONS = NO;
				ENABLE_STRICT_OBJC_MSGSEND = YES;
				GCC_C_LANGUAGE_STANDARD = gnu99;
				GCC_NO_COMMON_BLOCKS = YES;
				GCC_PRECOMPILE_PREFIX_HEADER = YES;
				GCC_PREFIX_HEADER = "RefferalslOnline/RefferalsOnline-Prefix.pch";
				GCC_WARN_64_TO_32_BIT_CONVERSION = YES;
				GCC_WARN_ABOUT_RETURN_TYPE = YES_ERROR;
				GCC_WARN_UNDECLARED_SELECTOR = YES;
				GCC_WARN_UNINITIALIZED_AUTOS = YES_AGGRESSIVE;
				GCC_WARN_UNUSED_FUNCTION = YES;
				GCC_WARN_UNUSED_VARIABLE = YES;
				IPHONEOS_DEPLOYMENT_TARGET = 8.3;
				MTL_ENABLE_DEBUG_INFO = NO;
				SDKROOT = iphoneos;
				VALIDATE_PRODUCT = YES;
			};
			name = Release;
		};
		5AC7C2181B0DED1E00B34945 /* Debug */ = {
			isa = XCBuildConfiguration;
			buildSettings = {
				ASSETCATALOG_COMPILER_APPICON_NAME = AppIcon;
				GCC_PRECOMPILE_PREFIX_HEADER = YES;
				GCC_PREFIX_HEADER = "RefferalslOnline/RefferalsOnline-Prefix.pch";
				INFOPLIST_FILE = RefferalslOnline/Info.plist;
				IPHONEOS_DEPLOYMENT_TARGET = 8.0;
				LD_RUNPATH_SEARCH_PATHS = "$(inherited) @executable_path/Frameworks";
				PRODUCT_NAME = "$(TARGET_NAME)";
			};
			name = Debug;
		};
		5AC7C2191B0DED1E00B34945 /* Release */ = {
			isa = XCBuildConfiguration;
			buildSettings = {
				ASSETCATALOG_COMPILER_APPICON_NAME = AppIcon;
				GCC_PRECOMPILE_PREFIX_HEADER = YES;
				GCC_PREFIX_HEADER = "RefferalslOnline/RefferalsOnline-Prefix.pch";
				INFOPLIST_FILE = RefferalslOnline/Info.plist;
				IPHONEOS_DEPLOYMENT_TARGET = 8.0;
				LD_RUNPATH_SEARCH_PATHS = "$(inherited) @executable_path/Frameworks";
				PRODUCT_NAME = "$(TARGET_NAME)";
			};
			name = Release;
		};
		5AC7C21B1B0DED1E00B34945 /* Debug */ = {
			isa = XCBuildConfiguration;
			buildSettings = {
				BUNDLE_LOADER = "$(TEST_HOST)";
				FRAMEWORK_SEARCH_PATHS = (
					"$(SDKROOT)/Developer/Library/Frameworks",
					"$(inherited)",
				);
				GCC_PREPROCESSOR_DEFINITIONS = (
					"DEBUG=1",
					"$(inherited)",
				);
				INFOPLIST_FILE = RefferalslOnlineTests/Info.plist;
				LD_RUNPATH_SEARCH_PATHS = "$(inherited) @executable_path/Frameworks @loader_path/Frameworks";
				PRODUCT_NAME = "$(TARGET_NAME)";
				TEST_HOST = "$(BUILT_PRODUCTS_DIR)/RefferalslOnline.app/RefferalslOnline";
			};
			name = Debug;
		};
		5AC7C21C1B0DED1E00B34945 /* Release */ = {
			isa = XCBuildConfiguration;
			buildSettings = {
				BUNDLE_LOADER = "$(TEST_HOST)";
				FRAMEWORK_SEARCH_PATHS = (
					"$(SDKROOT)/Developer/Library/Frameworks",
					"$(inherited)",
				);
				INFOPLIST_FILE = RefferalslOnlineTests/Info.plist;
				LD_RUNPATH_SEARCH_PATHS = "$(inherited) @executable_path/Frameworks @loader_path/Frameworks";
				PRODUCT_NAME = "$(TARGET_NAME)";
				TEST_HOST = "$(BUILT_PRODUCTS_DIR)/RefferalslOnline.app/RefferalslOnline";
			};
			name = Release;
		};
/* End XCBuildConfiguration section */

/* Begin XCConfigurationList section */
		5AC7C1EC1B0DED1E00B34945 /* Build configuration list for PBXProject "RefferalslOnline" */ = {
			isa = XCConfigurationList;
			buildConfigurations = (
				5AC7C2151B0DED1E00B34945 /* Debug */,
				5AC7C2161B0DED1E00B34945 /* Release */,
			);
			defaultConfigurationIsVisible = 0;
			defaultConfigurationName = Release;
		};
		5AC7C2171B0DED1E00B34945 /* Build configuration list for PBXNativeTarget "RefferalslOnline" */ = {
			isa = XCConfigurationList;
			buildConfigurations = (
				5AC7C2181B0DED1E00B34945 /* Debug */,
				5AC7C2191B0DED1E00B34945 /* Release */,
			);
			defaultConfigurationIsVisible = 0;
			defaultConfigurationName = Release;
		};
		5AC7C21A1B0DED1E00B34945 /* Build configuration list for PBXNativeTarget "RefferalslOnlineTests" */ = {
			isa = XCConfigurationList;
			buildConfigurations = (
				5AC7C21B1B0DED1E00B34945 /* Debug */,
				5AC7C21C1B0DED1E00B34945 /* Release */,
			);
			defaultConfigurationIsVisible = 0;
			defaultConfigurationName = Release;
		};
/* End XCConfigurationList section */

/* Begin XCVersionGroup section */
		5AC7C1FB1B0DED1E00B34945 /* RefferalslOnline.xcdatamodeld */ = {
			isa = XCVersionGroup;
			children = (
				5AC7C1FC1B0DED1E00B34945 /* RefferalslOnline.xcdatamodel */,
			);
			currentVersion = 5AC7C1FC1B0DED1E00B34945 /* RefferalslOnline.xcdatamodel */;
			path = RefferalslOnline.xcdatamodeld;
			sourceTree = "<group>";
			versionGroupType = wrapper.xcdatamodel;
		};
/* End XCVersionGroup section */
	};
	rootObject = 5AC7C1E91B0DED1E00B34945 /* Project object */;
}
